
Microsoft Visual Studio Solution File, Format Version 12.00
# Visual Studio Version 17
VisualStudioVersion = 17.4.33122.133
MinimumVisualStudioVersion = 10.0.40219.1
Project("{9A19103F-16F7-4668-BE54-9A1E7A4F7556}") = "YannikG.TSBE.Webcrawler.Web", "YannikG.TSBE.Webcrawler.Web\YannikG.TSBE.Webcrawler.Web.csproj", "{61B45E46-078D-418B-ABC7-0B2809553D54}"
EndProject
Project("{9A19103F-16F7-4668-BE54-9A1E7A4F7556}") = "YannikG.TSBE.Webcrawler.Core", "YannikG.TSBE.Webcrawler.Core\YannikG.TSBE.Webcrawler.Core.csproj", "{E9E220CC-F9B2-4E6D-B0D9-3F7D4C965771}"
EndProject
Project("{FAE04EC0-301F-11D3-BF4B-00C04F79EFBC}") = "YannikG.TSBE.Webcrawler.Core.Tests", "YannikG.TSBE.Webcrawler.Core.Tests\YannikG.TSBE.Webcrawler.Core.Tests.csproj", "{6A641134-4CD0-4080-BFB2-43BE99AE2022}"
EndProject
Global
	GlobalSection(SolutionConfigurationPlatforms) = preSolution
		Debug|Any CPU = Debug|Any CPU
		Release|Any CPU = Release|Any CPU
	EndGlobalSection
	GlobalSection(ProjectConfigurationPlatforms) = postSolution
		{61B45E46-078D-418B-ABC7-0B2809553D54}.Debug|Any CPU.ActiveCfg = Debug|Any CPU
		{61B45E46-078D-418B-ABC7-0B2809553D54}.Debug|Any CPU.Build.0 = Debug|Any CPU
		{61B45E46-078D-418B-ABC7-0B2809553D54}.Release|Any CPU.ActiveCfg = Release|Any CPU
		{61B45E46-078D-418B-ABC7-0B2809553D54}.Release|Any CPU.Build.0 = Release|Any CPU
		{E9E220CC-F9B2-4E6D-B0D9-3F7D4C965771}.Debug|Any CPU.ActiveCfg = Debug|Any CPU
		{E9E220CC-F9B2-4E6D-B0D9-3F7D4C965771}.Debug|Any CPU.Build.0 = Debug|Any CPU
		{E9E220CC-F9B2-4E6D-B0D9-3F7D4C965771}.Release|Any CPU.ActiveCfg = Release|Any CPU
		{E9E220CC-F9B2-4E6D-B0D9-3F7D4C965771}.Release|Any CPU.Build.0 = Release|Any CPU
		{6A641134-4CD0-4080-BFB2-43BE99AE2022}.Debug|Any CPU.ActiveCfg = Debug|Any CPU
		{6A641134-4CD0-4080-BFB2-43BE99AE2022}.Debug|Any CPU.Build.0 = Debug|Any CPU
		{6A641134-4CD0-4080-BFB2-43BE99AE2022}.Release|Any CPU.ActiveCfg = Release|Any CPU
		{6A641134-4CD0-4080-BFB2-43BE99AE2022}.Release|Any CPU.Build.0 = Release|Any CPU
	EndGlobalSection
	GlobalSection(SolutionProperties) = preSolution
		HideSolutionNode = FALSE
	EndGlobalSection
	GlobalSection(ExtensibilityGlobals) = postSolution
		SolutionGuid = {6953BC5F-00FA-4488-AA96-BC8DB348301D}
	EndGlobalSection
EndGlobal
